
Microsoft Visual Studio Solution File, Format Version 12.00
# Visual Studio Version 17
VisualStudioVersion = 17.5.33516.290
MinimumVisualStudioVersion = 10.0.40219.1
Project("{FAE04EC0-301F-11D3-BF4B-00C04F79EFBC}") = "VariableAndDataType", "VariableAndDataType\VariableAndDataType.csproj", "{74F84CF0-37EE-4E9E-BAF1-725E7167E21D}"
EndProject
Global
	GlobalSection(SolutionConfigurationPlatforms) = preSolution
		Debug|Any CPU = Debug|Any CPU
		Release|Any CPU = Release|Any CPU
	EndGlobalSection
	GlobalSection(ProjectConfigurationPlatforms) = postSolution
		{74F84CF0-37EE-4E9E-BAF1-725E7167E21D}.Debug|Any CPU.ActiveCfg = Debug|Any CPU
		{74F84CF0-37EE-4E9E-BAF1-725E7167E21D}.Debug|Any CPU.Build.0 = Debug|Any CPU
		{74F84CF0-37EE-4E9E-BAF1-725E7167E21D}.Release|Any CPU.ActiveCfg = Release|Any CPU
		{74F84CF0-37EE-4E9E-BAF1-725E7167E21D}.Release|Any CPU.Build.0 = Release|Any CPU
	EndGlobalSection
	GlobalSection(SolutionProperties) = preSolution
		HideSolutionNode = FALSE
	EndGlobalSection
	GlobalSection(ExtensibilityGlobals) = postSolution
		SolutionGuid = {82A63CC5-8C94-4643-B832-FF2739ABA110}
	EndGlobalSection
EndGlobal
